
Microsoft Visual Studio Solution File, Format Version 12.00
# Visual Studio Version 16
VisualStudioVersion = 16.0.31613.86
MinimumVisualStudioVersion = 10.0.40219.1
Project("{FAE04EC0-301F-11D3-BF4B-00C04F79EFBC}") = "ConsoleAppWithDI", "ConsoleAppWithDI.csproj", "{22ACA79F-D64B-44BF-99AE-367A634BE39D}"
EndProject
Global
	GlobalSection(SolutionConfigurationPlatforms) = preSolution
		Debug|Any CPU = Debug|Any CPU
		Release|Any CPU = Release|Any CPU
	EndGlobalSection
	GlobalSection(ProjectConfigurationPlatforms) = postSolution
		{22ACA79F-D64B-44BF-99AE-367A634BE39D}.Debug|Any CPU.ActiveCfg = Debug|Any CPU
		{22ACA79F-D64B-44BF-99AE-367A634BE39D}.Debug|Any CPU.Build.0 = Debug|Any CPU
		{22ACA79F-D64B-44BF-99AE-367A634BE39D}.Release|Any CPU.ActiveCfg = Release|Any CPU
		{22ACA79F-D64B-44BF-99AE-367A634BE39D}.Release|Any CPU.Build.0 = Release|Any CPU
	EndGlobalSection
	GlobalSection(SolutionProperties) = preSolution
		HideSolutionNode = FALSE
	EndGlobalSection
	GlobalSection(ExtensibilityGlobals) = postSolution
		SolutionGuid = {790ECC88-0C50-4BDC-8355-00C00A005991}
	EndGlobalSection
EndGlobal
